
Microsoft Visual Studio Solution File, Format Version 12.00
# Visual Studio 15
Project("{FAE04EC0-301F-11D3-BF4B-00C04F79EFBC}") = "Assembly-CSharp", "Assembly-CSharp.csproj", "{269BFA82-C762-F3F9-5B0A-E76B7E258892}"
EndProject
Project("{FAE04EC0-301F-11D3-BF4B-00C04F79EFBC}") = "Assembly-CSharp-firstpass", "Assembly-CSharp-firstpass.csproj", "{7476F19A-7F90-86BA-6F75-AE4A99C2EA3E}"
EndProject
Global
	GlobalSection(SolutionConfigurationPlatforms) = preSolution
		Debug|Any CPU = Debug|Any CPU
		Release|Any CPU = Release|Any CPU
	EndGlobalSection
	GlobalSection(ProjectConfigurationPlatforms) = postSolution
		{269BFA82-C762-F3F9-5B0A-E76B7E258892}.Debug|Any CPU.ActiveCfg = Debug|Any CPU
		{269BFA82-C762-F3F9-5B0A-E76B7E258892}.Debug|Any CPU.Build.0 = Debug|Any CPU
		{269BFA82-C762-F3F9-5B0A-E76B7E258892}.Release|Any CPU.ActiveCfg = Release|Any CPU
		{269BFA82-C762-F3F9-5B0A-E76B7E258892}.Release|Any CPU.Build.0 = Release|Any CPU
		{7476F19A-7F90-86BA-6F75-AE4A99C2EA3E}.Debug|Any CPU.ActiveCfg = Debug|Any CPU
		{7476F19A-7F90-86BA-6F75-AE4A99C2EA3E}.Debug|Any CPU.Build.0 = Debug|Any CPU
		{7476F19A-7F90-86BA-6F75-AE4A99C2EA3E}.Release|Any CPU.ActiveCfg = Release|Any CPU
		{7476F19A-7F90-86BA-6F75-AE4A99C2EA3E}.Release|Any CPU.Build.0 = Release|Any CPU
	EndGlobalSection
	GlobalSection(SolutionProperties) = preSolution
		HideSolutionNode = FALSE
	EndGlobalSection
EndGlobal
